
Microsoft Visual Studio Solution File, Format Version 12.00
Project("{FAE04EC0-301F-11D3-BF4B-00C04F79EFBC}") = "CeresGLFW", "CeresGLFW\CeresGLFW.csproj", "{7BE7837C-0F76-4FA9-9823-4CAADF40509E}"
EndProject
Project("{FAE04EC0-301F-11D3-BF4B-00C04F79EFBC}") = "Tests", "Tests\Tests.csproj", "{40ACE870-4034-4E07-B32D-E9292F80CFF1}"
EndProject
Global
	GlobalSection(SolutionConfigurationPlatforms) = preSolution
		Debug|Any CPU = Debug|Any CPU
		Release|Any CPU = Release|Any CPU
	EndGlobalSection
	GlobalSection(ProjectConfigurationPlatforms) = postSolution
		{7BE7837C-0F76-4FA9-9823-4CAADF40509E}.Debug|Any CPU.ActiveCfg = Debug|Any CPU
		{7BE7837C-0F76-4FA9-9823-4CAADF40509E}.Debug|Any CPU.Build.0 = Debug|Any CPU
		{7BE7837C-0F76-4FA9-9823-4CAADF40509E}.Release|Any CPU.ActiveCfg = Release|Any CPU
		{7BE7837C-0F76-4FA9-9823-4CAADF40509E}.Release|Any CPU.Build.0 = Release|Any CPU
		{40ACE870-4034-4E07-B32D-E9292F80CFF1}.Debug|Any CPU.ActiveCfg = Debug|Any CPU
		{40ACE870-4034-4E07-B32D-E9292F80CFF1}.Debug|Any CPU.Build.0 = Debug|Any CPU
		{40ACE870-4034-4E07-B32D-E9292F80CFF1}.Release|Any CPU.ActiveCfg = Release|Any CPU
		{40ACE870-4034-4E07-B32D-E9292F80CFF1}.Release|Any CPU.Build.0 = Release|Any CPU
	EndGlobalSection
EndGlobal
